// !$*UTF8*$!
{
	archiveVersion = 1;
	classes = {
	};
	objectVersion = 56;
	objects = {

/* Begin PBXBuildFile section */
		883CE3752B450A2300C6AB35 /* DartsApp.swift in Sources */ = {isa = PBXBuildFile; fileRef = 883CE3742B450A2300C6AB35 /* DartsApp.swift */; };
		883CE3772B450A2300C6AB35 /* ContentView.swift in Sources */ = {isa = PBXBuildFile; fileRef = 883CE3762B450A2300C6AB35 /* ContentView.swift */; };
		883CE3792B450A2400C6AB35 /* Assets.xcassets in Resources */ = {isa = PBXBuildFile; fileRef = 883CE3782B450A2400C6AB35 /* Assets.xcassets */; };
		883CE37C2B450A2400C6AB35 /* Preview Assets.xcassets in Resources */ = {isa = PBXBuildFile; fileRef = 883CE37B2B450A2400C6AB35 /* Preview Assets.xcassets */; };
		883CE3862B450A2400C6AB35 /* DartsTests.swift in Sources */ = {isa = PBXBuildFile; fileRef = 883CE3852B450A2400C6AB35 /* DartsTests.swift */; };
		883CE3902B450A2400C6AB35 /* DartsUITests.swift in Sources */ = {isa = PBXBuildFile; fileRef = 883CE38F2B450A2400C6AB35 /* DartsUITests.swift */; };
		883CE3922B450A2400C6AB35 /* DartsUITestsLaunchTests.swift in Sources */ = {isa = PBXBuildFile; fileRef = 883CE3912B450A2400C6AB35 /* DartsUITestsLaunchTests.swift */; };
		889086A82B462AE60041423B /* ViewController.swift in Sources */ = {isa = PBXBuildFile; fileRef = 889086A72B462AE60041423B /* ViewController.swift */; };
		889086AA2B462F360041423B /* Shaders.metal in Sources */ = {isa = PBXBuildFile; fileRef = 889086A92B462F360041423B /* Shaders.metal */; };
		889086AC2B463BF50041423B /* Renderer.swift in Sources */ = {isa = PBXBuildFile; fileRef = 889086AB2B463BF50041423B /* Renderer.swift */; };
/* End PBXBuildFile section */

/* Begin PBXContainerItemProxy section */
		883CE3822B450A2400C6AB35 /* PBXContainerItemProxy */ = {
			isa = PBXContainerItemProxy;
			containerPortal = 883CE3692B450A2300C6AB35 /* Project object */;
			proxyType = 1;
			remoteGlobalIDString = 883CE3702B450A2300C6AB35;
			remoteInfo = Darts;
		};
		883CE38C2B450A2400C6AB35 /* PBXContainerItemProxy */ = {
			isa = PBXContainerItemProxy;
			containerPortal = 883CE3692B450A2300C6AB35 /* Project object */;
			proxyType = 1;
			remoteGlobalIDString = 883CE3702B450A2300C6AB35;
			remoteInfo = Darts;
		};
/* End PBXContainerItemProxy section */

/* Begin PBXFileReference section */
		883CE3712B450A2300C6AB35 /* Darts.app */ = {isa = PBXFileReference; explicitFileType = wrapper.application; includeInIndex = 0; path = Darts.app; sourceTree = BUILT_PRODUCTS_DIR; };
		883CE3742B450A2300C6AB35 /* DartsApp.swift */ = {isa = PBXFileReference; lastKnownFileType = sourcecode.swift; path = DartsApp.swift; sourceTree = "<group>"; };
		883CE3762B450A2300C6AB35 /* ContentView.swift */ = {isa = PBXFileReference; lastKnownFileType = sourcecode.swift; path = ContentView.swift; sourceTree = "<group>"; };
		883CE3782B450A2400C6AB35 /* Assets.xcassets */ = {isa = PBXFileReference; lastKnownFileType = folder.assetcatalog; path = Assets.xcassets; sourceTree = "<group>"; };
		883CE37B2B450A2400C6AB35 /* Preview Assets.xcassets */ = {isa = PBXFileReference; lastKnownFileType = folder.assetcatalog; path = "Preview Assets.xcassets"; sourceTree = "<group>"; };
		883CE3812B450A2400C6AB35 /* DartsTests.xctest */ = {isa = PBXFileReference; explicitFileType = wrapper.cfbundle; includeInIndex = 0; path = DartsTests.xctest; sourceTree = BUILT_PRODUCTS_DIR; };
		883CE3852B450A2400C6AB35 /* DartsTests.swift */ = {isa = PBXFileReference; lastKnownFileType = sourcecode.swift; path = DartsTests.swift; sourceTree = "<group>"; };
		883CE38B2B450A2400C6AB35 /* DartsUITests.xctest */ = {isa = PBXFileReference; explicitFileType = wrapper.cfbundle; includeInIndex = 0; path = DartsUITests.xctest; sourceTree = BUILT_PRODUCTS_DIR; };
		883CE38F2B450A2400C6AB35 /* DartsUITests.swift */ = {isa = PBXFileReference; lastKnownFileType = sourcecode.swift; path = DartsUITests.swift; sourceTree = "<group>"; };
		883CE3912B450A2400C6AB35 /* DartsUITestsLaunchTests.swift */ = {isa = PBXFileReference; lastKnownFileType = sourcecode.swift; path = DartsUITestsLaunchTests.swift; sourceTree = "<group>"; };
		889086A72B462AE60041423B /* ViewController.swift */ = {isa = PBXFileReference; lastKnownFileType = sourcecode.swift; path = ViewController.swift; sourceTree = "<group>"; };
		889086A92B462F360041423B /* Shaders.metal */ = {isa = PBXFileReference; lastKnownFileType = sourcecode.metal; path = Shaders.metal; sourceTree = "<group>"; };
		889086AB2B463BF50041423B /* Renderer.swift */ = {isa = PBXFileReference; lastKnownFileType = sourcecode.swift; path = Renderer.swift; sourceTree = "<group>"; };
/* End PBXFileReference section */

/* Begin PBXFrameworksBuildPhase section */
		883CE36E2B450A2300C6AB35 /* Frameworks */ = {
			isa = PBXFrameworksBuildPhase;
			buildActionMask = 2147483647;
			files = (
			);
			runOnlyForDeploymentPostprocessing = 0;
		};
		883CE37E2B450A2400C6AB35 /* Frameworks */ = {
			isa = PBXFrameworksBuildPhase;
			buildActionMask = 2147483647;
			files = (
			);
			runOnlyForDeploymentPostprocessing = 0;
		};
		883CE3882B450A2400C6AB35 /* Frameworks */ = {
			isa = PBXFrameworksBuildPhase;
			buildActionMask = 2147483647;
			files = (
			);
			runOnlyForDeploymentPostprocessing = 0;
		};
/* End PBXFrameworksBuildPhase section */

/* Begin PBXGroup section */
		883CE3682B450A2300C6AB35 = {
			isa = PBXGroup;
			children = (
				883CE3732B450A2300C6AB35 /* Darts */,
				883CE3842B450A2400C6AB35 /* DartsTests */,
				883CE38E2B450A2400C6AB35 /* DartsUITests */,
				883CE3722B450A2300C6AB35 /* Products */,
			);
			sourceTree = "<group>";
		};
		883CE3722B450A2300C6AB35 /* Products */ = {
			isa = PBXGroup;
			children = (
				883CE3712B450A2300C6AB35 /* Darts.app */,
				883CE3812B450A2400C6AB35 /* DartsTests.xctest */,
				883CE38B2B450A2400C6AB35 /* DartsUITests.xctest */,
			);
			name = Products;
			sourceTree = "<group>";
		};
		883CE3732B450A2300C6AB35 /* Darts */ = {
			isa = PBXGroup;
			children = (
				889086A72B462AE60041423B /* ViewController.swift */,
				883CE3742B450A2300C6AB35 /* DartsApp.swift */,
				883CE3762B450A2300C6AB35 /* ContentView.swift */,
				889086AB2B463BF50041423B /* Renderer.swift */,
				889086A92B462F360041423B /* Shaders.metal */,
				883CE3782B450A2400C6AB35 /* Assets.xcassets */,
				883CE37A2B450A2400C6AB35 /* Preview Content */,
			);
			path = Darts;
			sourceTree = "<group>";
		};
		883CE37A2B450A2400C6AB35 /* Preview Content */ = {
			isa = PBXGroup;
			children = (
				883CE37B2B450A2400C6AB35 /* Preview Assets.xcassets */,
			);
			path = "Preview Content";
			sourceTree = "<group>";
		};
		883CE3842B450A2400C6AB35 /* DartsTests */ = {
			isa = PBXGroup;
			children = (
				883CE3852B450A2400C6AB35 /* DartsTests.swift */,
			);
			path = DartsTests;
			sourceTree = "<group>";
		};
		883CE38E2B450A2400C6AB35 /* DartsUITests */ = {
			isa = PBXGroup;
			children = (
				883CE38F2B450A2400C6AB35 /* DartsUITests.swift */,
				883CE3912B450A2400C6AB35 /* DartsUITestsLaunchTests.swift */,
			);
			path = DartsUITests;
			sourceTree = "<group>";
		};
/* End PBXGroup section */

/* Begin PBXNativeTarget section */
		883CE3702B450A2300C6AB35 /* Darts */ = {
			isa = PBXNativeTarget;
			buildConfigurationList = 883CE3952B450A2400C6AB35 /* Build configuration list for PBXNativeTarget "Darts" */;
			buildPhases = (
				883CE36D2B450A2300C6AB35 /* Sources */,
				883CE36E2B450A2300C6AB35 /* Frameworks */,
				883CE36F2B450A2300C6AB35 /* Resources */,
			);
			buildRules = (
			);
			dependencies = (
			);
			name = Darts;
			productName = Darts;
			productReference = 883CE3712B450A2300C6AB35 /* Darts.app */;
			productType = "com.apple.product-type.application";
		};
		883CE3802B450A2400C6AB35 /* DartsTests */ = {
			isa = PBXNativeTarget;
			buildConfigurationList = 883CE3982B450A2400C6AB35 /* Build configuration list for PBXNativeTarget "DartsTests" */;
			buildPhases = (
				883CE37D2B450A2400C6AB35 /* Sources */,
				883CE37E2B450A2400C6AB35 /* Frameworks */,
				883CE37F2B450A2400C6AB35 /* Resources */,
			);
			buildRules = (
			);
			dependencies = (
				883CE3832B450A2400C6AB35 /* PBXTargetDependency */,
			);
			name = DartsTests;
			productName = DartsTests;
			productReference = 883CE3812B450A2400C6AB35 /* DartsTests.xctest */;
			productType = "com.apple.product-type.bundle.unit-test";
		};
		883CE38A2B450A2400C6AB35 /* DartsUITests */ = {
			isa = PBXNativeTarget;
			buildConfigurationList = 883CE39B2B450A2400C6AB35 /* Build configuration list for PBXNativeTarget "DartsUITests" */;
			buildPhases = (
				883CE3872B450A2400C6AB35 /* Sources */,
				883CE3882B450A2400C6AB35 /* Frameworks */,
				883CE3892B450A2400C6AB35 /* Resources */,
			);
			buildRules = (
			);
			dependencies = (
				883CE38D2B450A2400C6AB35 /* PBXTargetDependency */,
			);
			name = DartsUITests;
			productName = DartsUITests;
			productReference = 883CE38B2B450A2400C6AB35 /* DartsUITests.xctest */;
			productType = "com.apple.product-type.bundle.ui-testing";
		};
/* End PBXNativeTarget section */

/* Begin PBXProject section */
		883CE3692B450A2300C6AB35 /* Project object */ = {
			isa = PBXProject;
			attributes = {
				BuildIndependentTargetsInParallel = 1;
				LastSwiftUpdateCheck = 1510;
				LastUpgradeCheck = 1510;
				TargetAttributes = {
					883CE3702B450A2300C6AB35 = {
						CreatedOnToolsVersion = 15.1;
					};
					883CE3802B450A2400C6AB35 = {
						CreatedOnToolsVersion = 15.1;
						TestTargetID = 883CE3702B450A2300C6AB35;
					};
					883CE38A2B450A2400C6AB35 = {
						CreatedOnToolsVersion = 15.1;
						TestTargetID = 883CE3702B450A2300C6AB35;
					};
				};
			};
			buildConfigurationList = 883CE36C2B450A2300C6AB35 /* Build configuration list for PBXProject "Darts" */;
			compatibilityVersion = "Xcode 14.0";
			developmentRegion = en;
			hasScannedForEncodings = 0;
			knownRegions = (
				en,
				Base,
			);
			mainGroup = 883CE3682B450A2300C6AB35;
			productRefGroup = 883CE3722B450A2300C6AB35 /* Products */;
			projectDirPath = "";
			projectRoot = "";
			targets = (
				883CE3702B450A2300C6AB35 /* Darts */,
				883CE3802B450A2400C6AB35 /* DartsTests */,
				883CE38A2B450A2400C6AB35 /* DartsUITests */,
			);
		};
/* End PBXProject section */

/* Begin PBXResourcesBuildPhase section */
		883CE36F2B450A2300C6AB35 /* Resources */ = {
			isa = PBXResourcesBuildPhase;
			buildActionMask = 2147483647;
			files = (
				883CE37C2B450A2400C6AB35 /* Preview Assets.xcassets in Resources */,
				883CE3792B450A2400C6AB35 /* Assets.xcassets in Resources */,
			);
			runOnlyForDeploymentPostprocessing = 0;
		};
		883CE37F2B450A2400C6AB35 /* Resources */ = {
			isa = PBXResourcesBuildPhase;
			buildActionMask = 2147483647;
			files = (
			);
			runOnlyForDeploymentPostprocessing = 0;
		};
		883CE3892B450A2400C6AB35 /* Resources */ = {
			isa = PBXResourcesBuildPhase;
			buildActionMask = 2147483647;
			files = (
			);
			runOnlyForDeploymentPostprocessing = 0;
		};
/* End PBXResourcesBuildPhase section */

/* Begin PBXSourcesBuildPhase section */
		883CE36D2B450A2300C6AB35 /* Sources */ = {
			isa = PBXSourcesBuildPhase;
			buildActionMask = 2147483647;
			files = (
				889086AA2B462F360041423B /* Shaders.metal in Sources */,
				889086A82B462AE60041423B /* ViewController.swift in Sources */,
				883CE3772B450A2300C6AB35 /* ContentView.swift in Sources */,
				889086AC2B463BF50041423B /* Renderer.swift in Sources */,
				883CE3752B450A2300C6AB35 /* DartsApp.swift in Sources */,
			);
			runOnlyForDeploymentPostprocessing = 0;
		};
		883CE37D2B450A2400C6AB35 /* Sources */ = {
			isa = PBXSourcesBuildPhase;
			buildActionMask = 2147483647;
			files = (
				883CE3862B450A2400C6AB35 /* DartsTests.swift in Sources */,
			);
			runOnlyForDeploymentPostprocessing = 0;
		};
		883CE3872B450A2400C6AB35 /* Sources */ = {
			isa = PBXSourcesBuildPhase;
			buildActionMask = 2147483647;
			files = (
				883CE3902B450A2400C6AB35 /* DartsUITests.swift in Sources */,
				883CE3922B450A2400C6AB35 /* DartsUITestsLaunchTests.swift in Sources */,
			);
			runOnlyForDeploymentPostprocessing = 0;
		};
/* End PBXSourcesBuildPhase section */

/* Begin PBXTargetDependency section */
		883CE3832B450A2400C6AB35 /* PBXTargetDependency */ = {
			isa = PBXTargetDependency;
			target = 883CE3702B450A2300C6AB35 /* Darts */;
			targetProxy = 883CE3822B450A2400C6AB35 /* PBXContainerItemProxy */;
		};
		883CE38D2B450A2400C6AB35 /* PBXTargetDependency */ = {
			isa = PBXTargetDependency;
			target = 883CE3702B450A2300C6AB35 /* Darts */;
			targetProxy = 883CE38C2B450A2400C6AB35 /* PBXContainerItemProxy */;
		};
/* End PBXTargetDependency section */

/* Begin XCBuildConfiguration section */
		883CE3932B450A2400C6AB35 /* Debug */ = {
			isa = XCBuildConfiguration;
			buildSettings = {
				ALWAYS_SEARCH_USER_PATHS = NO;
				ASSETCATALOG_COMPILER_GENERATE_SWIFT_ASSET_SYMBOL_EXTENSIONS = YES;
				CLANG_ANALYZER_NONNULL = YES;
				CLANG_ANALYZER_NUMBER_OBJECT_CONVERSION = YES_AGGRESSIVE;
				CLANG_CXX_LANGUAGE_STANDARD = "gnu++20";
				CLANG_ENABLE_MODULES = YES;
				CLANG_ENABLE_OBJC_ARC = YES;
				CLANG_ENABLE_OBJC_WEAK = YES;
				CLANG_WARN_BLOCK_CAPTURE_AUTORELEASING = YES;
				CLANG_WARN_BOOL_CONVERSION = YES;
				CLANG_WARN_COMMA = YES;
				CLANG_WARN_CONSTANT_CONVERSION = YES;
				CLANG_WARN_DEPRECATED_OBJC_IMPLEMENTATIONS = YES;
				CLANG_WARN_DIRECT_OBJC_ISA_USAGE = YES_ERROR;
				CLANG_WARN_DOCUMENTATION_COMMENTS = YES;
				CLANG_WARN_EMPTY_BODY = YES;
				CLANG_WARN_ENUM_CONVERSION = YES;
				CLANG_WARN_INFINITE_RECURSION = YES;
				CLANG_WARN_INT_CONVERSION = YES;
				CLANG_WARN_NON_LITERAL_NULL_CONVERSION = YES;
				CLANG_WARN_OBJC_IMPLICIT_RETAIN_SELF = YES;
				CLANG_WARN_OBJC_LITERAL_CONVERSION = YES;
				CLANG_WARN_OBJC_ROOT_CLASS = YES_ERROR;
				CLANG_WARN_QUOTED_INCLUDE_IN_FRAMEWORK_HEADER = YES;
				CLANG_WARN_RANGE_LOOP_ANALYSIS = YES;
				CLANG_WARN_STRICT_PROTOTYPES = YES;
				CLANG_WARN_SUSPICIOUS_MOVE = YES;
				CLANG_WARN_UNGUARDED_AVAILABILITY = YES_AGGRESSIVE;
				CLANG_WARN_UNREACHABLE_CODE = YES;
				CLANG_WARN__DUPLICATE_METHOD_MATCH = YES;
				COPY_PHASE_STRIP = NO;
				DEBUG_INFORMATION_FORMAT = dwarf;
				ENABLE_STRICT_OBJC_MSGSEND = YES;
				ENABLE_TESTABILITY = YES;
				ENABLE_USER_SCRIPT_SANDBOXING = YES;
				GCC_C_LANGUAGE_STANDARD = gnu17;
				GCC_DYNAMIC_NO_PIC = NO;
				GCC_NO_COMMON_BLOCKS = YES;
				GCC_OPTIMIZATION_LEVEL = 0;
				GCC_PREPROCESSOR_DEFINITIONS = (
					"DEBUG=1",
					"$(inherited)",
				);
				GCC_WARN_64_TO_32_BIT_CONVERSION = YES;
				GCC_WARN_ABOUT_RETURN_TYPE = YES_ERROR;
				GCC_WARN_UNDECLARED_SELECTOR = YES;
				GCC_WARN_UNINITIALIZED_AUTOS = YES_AGGRESSIVE;
				GCC_WARN_UNUSED_FUNCTION = YES;
				GCC_WARN_UNUSED_VARIABLE = YES;
				IPHONEOS_DEPLOYMENT_TARGET = 17.2;
				LOCALIZATION_PREFERS_STRING_CATALOGS = YES;
				MTL_ENABLE_DEBUG_INFO = INCLUDE_SOURCE;
				MTL_FAST_MATH = YES;
				ONLY_ACTIVE_ARCH = YES;
				SDKROOT = iphoneos;
				SWIFT_ACTIVE_COMPILATION_CONDITIONS = "DEBUG $(inherited)";
				SWIFT_OPTIMIZATION_LEVEL = "-Onone";
			};
			name = Debug;
		};
		883CE3942B450A2400C6AB35 /* Release */ = {
			isa = XCBuildConfiguration;
			buildSettings = {
				ALWAYS_SEARCH_USER_PATHS = NO;
				ASSETCATALOG_COMPILER_GENERATE_SWIFT_ASSET_SYMBOL_EXTENSIONS = YES;
				CLANG_ANALYZER_NONNULL = YES;
				CLANG_ANALYZER_NUMBER_OBJECT_CONVERSION = YES_AGGRESSIVE;
				CLANG_CXX_LANGUAGE_STANDARD = "gnu++20";
				CLANG_ENABLE_MODULES = YES;
				CLANG_ENABLE_OBJC_ARC = YES;
				CLANG_ENABLE_OBJC_WEAK = YES;
				CLANG_WARN_BLOCK_CAPTURE_AUTORELEASING = YES;
				CLANG_WARN_BOOL_CONVERSION = YES;
				CLANG_WARN_COMMA = YES;
				CLANG_WARN_CONSTANT_CONVERSION = YES;
				CLANG_WARN_DEPRECATED_OBJC_IMPLEMENTATIONS = YES;
				CLANG_WARN_DIRECT_OBJC_ISA_USAGE = YES_ERROR;
				CLANG_WARN_DOCUMENTATION_COMMENTS = YES;
				CLANG_WARN_EMPTY_BODY = YES;
				CLANG_WARN_ENUM_CONVERSION = YES;
				CLANG_WARN_INFINITE_RECURSION = YES;
				CLANG_WARN_INT_CONVERSION = YES;
				CLANG_WARN_NON_LITERAL_NULL_CONVERSION = YES;
				CLANG_WARN_OBJC_IMPLICIT_RETAIN_SELF = YES;
				CLANG_WARN_OBJC_LITERAL_CONVERSION = YES;
				CLANG_WARN_OBJC_ROOT_CLASS = YES_ERROR;
				CLANG_WARN_QUOTED_INCLUDE_IN_FRAMEWORK_HEADER = YES;
				CLANG_WARN_RANGE_LOOP_ANALYSIS = YES;
				CLANG_WARN_STRICT_PROTOTYPES = YES;
				CLANG_WARN_SUSPICIOUS_MOVE = YES;
				CLANG_WARN_UNGUARDED_AVAILABILITY = YES_AGGRESSIVE;
				CLANG_WARN_UNREACHABLE_CODE = YES;
				CLANG_WARN__DUPLICATE_METHOD_MATCH = YES;
				COPY_PHASE_STRIP = NO;
				DEBUG_INFORMATION_FORMAT = "dwarf-with-dsym";
				ENABLE_NS_ASSERTIONS = NO;
				ENABLE_STRICT_OBJC_MSGSEND = YES;
				ENABLE_USER_SCRIPT_SANDBOXING = YES;
				GCC_C_LANGUAGE_STANDARD = gnu17;
				GCC_NO_COMMON_BLOCKS = YES;
				GCC_WARN_64_TO_32_BIT_CONVERSION = YES;
				GCC_WARN_ABOUT_RETURN_TYPE = YES_ERROR;
				GCC_WARN_UNDECLARED_SELECTOR = YES;
				GCC_WARN_UNINITIALIZED_AUTOS = YES_AGGRESSIVE;
				GCC_WARN_UNUSED_FUNCTION = YES;
				GCC_WARN_UNUSED_VARIABLE = YES;
				IPHONEOS_DEPLOYMENT_TARGET = 17.2;
				LOCALIZATION_PREFERS_STRING_CATALOGS = YES;
				MTL_ENABLE_DEBUG_INFO = NO;
				MTL_FAST_MATH = YES;
				SDKROOT = iphoneos;
				SWIFT_COMPILATION_MODE = wholemodule;
				VALIDATE_PRODUCT = YES;
			};
			name = Release;
		};
		883CE3962B450A2400C6AB35 /* Debug */ = {
			isa = XCBuildConfiguration;
			buildSettings = {
				ASSETCATALOG_COMPILER_APPICON_NAME = AppIcon;
				ASSETCATALOG_COMPILER_GLOBAL_ACCENT_COLOR_NAME = AccentColor;
				CODE_SIGN_STYLE = Automatic;
				CURRENT_PROJECT_VERSION = 1;
				DEVELOPMENT_ASSET_PATHS = "\"Darts/Preview Content\"";
				DEVELOPMENT_TEAM = 2U523677T5;
				ENABLE_PREVIEWS = YES;
				GENERATE_INFOPLIST_FILE = YES;
				INFOPLIST_KEY_LSApplicationCategoryType = "public.app-category.games";
				INFOPLIST_KEY_UIApplicationSceneManifest_Generation = YES;
				INFOPLIST_KEY_UIApplicationSupportsIndirectInputEvents = YES;
				INFOPLIST_KEY_UILaunchScreen_Generation = YES;
				INFOPLIST_KEY_UISupportedInterfaceOrientations_iPad = "UIInterfaceOrientationPortrait UIInterfaceOrientationPortraitUpsideDown UIInterfaceOrientationLandscapeLeft UIInterfaceOrientationLandscapeRight";
				INFOPLIST_KEY_UISupportedInterfaceOrientations_iPhone = "UIInterfaceOrientationPortrait UIInterfaceOrientationLandscapeLeft UIInterfaceOrientationLandscapeRight";
				LD_RUNPATH_SEARCH_PATHS = (
					"$(inherited)",
					"@executable_path/Frameworks",
				);
				MARKETING_VERSION = 1.0;
				PRODUCT_BUNDLE_IDENTIFIER = "Evan-and-Aly.Darts";
				PRODUCT_NAME = "$(TARGET_NAME)";
				SWIFT_EMIT_LOC_STRINGS = YES;
				SWIFT_VERSION = 5.0;
				TARGETED_DEVICE_FAMILY = "1,2";
			};
			name = Debug;
		};
		883CE3972B450A2400C6AB35 /* Release */ = {
			isa = XCBuildConfiguration;
			buildSettings = {
				ASSETCATALOG_COMPILER_APPICON_NAME = AppIcon;
				ASSETCATALOG_COMPILER_GLOBAL_ACCENT_COLOR_NAME = AccentColor;
				CODE_SIGN_STYLE = Automatic;
				CURRENT_PROJECT_VERSION = 1;
				DEVELOPMENT_ASSET_PATHS = "\"Darts/Preview Content\"";
				DEVELOPMENT_TEAM = 2U523677T5;
				ENABLE_PREVIEWS = YES;
				GENERATE_INFOPLIST_FILE = YES;
				INFOPLIST_KEY_LSApplicationCategoryType = "public.app-category.games";
				INFOPLIST_KEY_UIApplicationSceneManifest_Generation = YES;
				INFOPLIST_KEY_UIApplicationSupportsIndirectInputEvents = YES;
				INFOPLIST_KEY_UILaunchScreen_Generation = YES;
				INFOPLIST_KEY_UISupportedInterfaceOrientations_iPad = "UIInterfaceOrientationPortrait UIInterfaceOrientationPortraitUpsideDown UIInterfaceOrientationLandscapeLeft UIInterfaceOrientationLandscapeRight";
				INFOPLIST_KEY_UISupportedInterfaceOrientations_iPhone = "UIInterfaceOrientationPortrait UIInterfaceOrientationLandscapeLeft UIInterfaceOrientationLandscapeRight";
				LD_RUNPATH_SEARCH_PATHS = (
					"$(inherited)",
					"@executable_path/Frameworks",
				);
				MARKETING_VERSION = 1.0;
				PRODUCT_BUNDLE_IDENTIFIER = "Evan-and-Aly.Darts";
				PRODUCT_NAME = "$(TARGET_NAME)";
				SWIFT_EMIT_LOC_STRINGS = YES;
				SWIFT_VERSION = 5.0;
				TARGETED_DEVICE_FAMILY = "1,2";
			};
			name = Release;
		};
		883CE3992B450A2400C6AB35 /* Debug */ = {
			isa = XCBuildConfiguration;
			buildSettings = {
				ALWAYS_EMBED_SWIFT_STANDARD_LIBRARIES = YES;
				BUNDLE_LOADER = "$(TEST_HOST)";
				CODE_SIGN_STYLE = Automatic;
				CURRENT_PROJECT_VERSION = 1;
				DEVELOPMENT_TEAM = 2U523677T5;
				GENERATE_INFOPLIST_FILE = YES;
				IPHONEOS_DEPLOYMENT_TARGET = 17.2;
				MARKETING_VERSION = 1.0;
				PRODUCT_BUNDLE_IDENTIFIER = "Evan-and-Aly.DartsTests";
				PRODUCT_NAME = "$(TARGET_NAME)";
				SWIFT_EMIT_LOC_STRINGS = NO;
				SWIFT_VERSION = 5.0;
				TARGETED_DEVICE_FAMILY = "1,2";
				TEST_HOST = "$(BUILT_PRODUCTS_DIR)/Darts.app/$(BUNDLE_EXECUTABLE_FOLDER_PATH)/Darts";
			};
			name = Debug;
		};
		883CE39A2B450A2400C6AB35 /* Release */ = {
			isa = XCBuildConfiguration;
			buildSettings = {
				ALWAYS_EMBED_SWIFT_STANDARD_LIBRARIES = YES;
				BUNDLE_LOADER = "$(TEST_HOST)";
				CODE_SIGN_STYLE = Automatic;
				CURRENT_PROJECT_VERSION = 1;
				DEVELOPMENT_TEAM = 2U523677T5;
				GENERATE_INFOPLIST_FILE = YES;
				IPHONEOS_DEPLOYMENT_TARGET = 17.2;
				MARKETING_VERSION = 1.0;
				PRODUCT_BUNDLE_IDENTIFIER = "Evan-and-Aly.DartsTests";
				PRODUCT_NAME = "$(TARGET_NAME)";
				SWIFT_EMIT_LOC_STRINGS = NO;
				SWIFT_VERSION = 5.0;
				TARGETED_DEVICE_FAMILY = "1,2";
				TEST_HOST = "$(BUILT_PRODUCTS_DIR)/Darts.app/$(BUNDLE_EXECUTABLE_FOLDER_PATH)/Darts";
			};
			name = Release;
		};
		883CE39C2B450A2400C6AB35 /* Debug */ = {
			isa = XCBuildConfiguration;
			buildSettings = {
				ALWAYS_EMBED_SWIFT_STANDARD_LIBRARIES = YES;
				CODE_SIGN_STYLE = Automatic;
				CURRENT_PROJECT_VERSION = 1;
				DEVELOPMENT_TEAM = 2U523677T5;
				GENERATE_INFOPLIST_FILE = YES;
				MARKETING_VERSION = 1.0;
				PRODUCT_BUNDLE_IDENTIFIER = "Evan-and-Aly.DartsUITests";
				PRODUCT_NAME = "$(TARGET_NAME)";
				SWIFT_EMIT_LOC_STRINGS = NO;
				SWIFT_VERSION = 5.0;
				TARGETED_DEVICE_FAMILY = "1,2";
				TEST_TARGET_NAME = Darts;
			};
			name = Debug;
		};
		883CE39D2B450A2400C6AB35 /* Release */ = {
			isa = XCBuildConfiguration;
			buildSettings = {
				ALWAYS_EMBED_SWIFT_STANDARD_LIBRARIES = YES;
				CODE_SIGN_STYLE = Automatic;
				CURRENT_PROJECT_VERSION = 1;
				DEVELOPMENT_TEAM = 2U523677T5;
				GENERATE_INFOPLIST_FILE = YES;
				MARKETING_VERSION = 1.0;
				PRODUCT_BUNDLE_IDENTIFIER = "Evan-and-Aly.DartsUITests";
				PRODUCT_NAME = "$(TARGET_NAME)";
				SWIFT_EMIT_LOC_STRINGS = NO;
				SWIFT_VERSION = 5.0;
				TARGETED_DEVICE_FAMILY = "1,2";
				TEST_TARGET_NAME = Darts;
			};
			name = Release;
		};
/* End XCBuildConfiguration section */

/* Begin XCConfigurationList section */
		883CE36C2B450A2300C6AB35 /* Build configuration list for PBXProject "Darts" */ = {
			isa = XCConfigurationList;
			buildConfigurations = (
				883CE3932B450A2400C6AB35 /* Debug */,
				883CE3942B450A2400C6AB35 /* Release */,
			);
			defaultConfigurationIsVisible = 0;
			defaultConfigurationName = Release;
		};
		883CE3952B450A2400C6AB35 /* Build configuration list for PBXNativeTarget "Darts" */ = {
			isa = XCConfigurationList;
			buildConfigurations = (
				883CE3962B450A2400C6AB35 /* Debug */,
				883CE3972B450A2400C6AB35 /* Release */,
			);
			defaultConfigurationIsVisible = 0;
			defaultConfigurationName = Release;
		};
		883CE3982B450A2400C6AB35 /* Build configuration list for PBXNativeTarget "DartsTests" */ = {
			isa = XCConfigurationList;
			buildConfigurations = (
				883CE3992B450A2400C6AB35 /* Debug */,
				883CE39A2B450A2400C6AB35 /* Release */,
			);
			defaultConfigurationIsVisible = 0;
			defaultConfigurationName = Release;
		};
		883CE39B2B450A2400C6AB35 /* Build configuration list for PBXNativeTarget "DartsUITests" */ = {
			isa = XCConfigurationList;
			buildConfigurations = (
				883CE39C2B450A2400C6AB35 /* Debug */,
				883CE39D2B450A2400C6AB35 /* Release */,
			);
			defaultConfigurationIsVisible = 0;
			defaultConfigurationName = Release;
		};
/* End XCConfigurationList section */
	};
	rootObject = 883CE3692B450A2300C6AB35 /* Project object */;
}
